// !$*UTF8*$!
{
	archiveVersion = 1;
	classes = {
	};
	objectVersion = 56;
	objects = {

/* Begin PBXBuildFile section */
		9F11DCF42C2356CB004D2721 /* DebugView.swift in Sources */ = {isa = PBXBuildFile; fileRef = 9F11DCF32C2356CB004D2721 /* DebugView.swift */; };
		9F11DCF62C2361B7004D2721 /* DataView.swift in Sources */ = {isa = PBXBuildFile; fileRef = 9F11DCF52C2361B7004D2721 /* DataView.swift */; };
		9FA9F3222C24C2B8008EB239 /* orientation_dummy.scn in Resources */ = {isa = PBXBuildFile; fileRef = 9FA9F3212C24C2B8008EB239 /* orientation_dummy.scn */; };
		9FEF53AF2C2335EB005CBA63 /* AppMain.swift in Sources */ = {isa = PBXBuildFile; fileRef = 9FEF53AE2C2335EB005CBA63 /* AppMain.swift */; };
		9FEF53B12C2335EB005CBA63 /* ConnectView.swift in Sources */ = {isa = PBXBuildFile; fileRef = 9FEF53B02C2335EB005CBA63 /* ConnectView.swift */; };
		9FEF53B32C2335EC005CBA63 /* Assets.xcassets in Resources */ = {isa = PBXBuildFile; fileRef = 9FEF53B22C2335EC005CBA63 /* Assets.xcassets */; };
		9FEF53B62C2335EC005CBA63 /* Preview Assets.xcassets in Resources */ = {isa = PBXBuildFile; fileRef = 9FEF53B52C2335EC005CBA63 /* Preview Assets.xcassets */; };
		9FEF53BE2C23368E005CBA63 /* BluetoothManager.swift in Sources */ = {isa = PBXBuildFile; fileRef = 9FEF53BD2C23368E005CBA63 /* BluetoothManager.swift */; };
/* End PBXBuildFile section */

/* Begin PBXFileReference section */
		9F11DCF32C2356CB004D2721 /* DebugView.swift */ = {isa = PBXFileReference; lastKnownFileType = sourcecode.swift; path = DebugView.swift; sourceTree = "<group>"; };
		9F11DCF52C2361B7004D2721 /* DataView.swift */ = {isa = PBXFileReference; lastKnownFileType = sourcecode.swift; path = DataView.swift; sourceTree = "<group>"; };
		9FA9F3212C24C2B8008EB239 /* orientation_dummy.scn */ = {isa = PBXFileReference; lastKnownFileType = file.bplist; path = orientation_dummy.scn; sourceTree = "<group>"; };
		9FEF53AB2C2335EB005CBA63 /* GLAS Water Quality Connect.app */ = {isa = PBXFileReference; explicitFileType = wrapper.application; includeInIndex = 0; path = "GLAS Water Quality Connect.app"; sourceTree = BUILT_PRODUCTS_DIR; };
		9FEF53AE2C2335EB005CBA63 /* AppMain.swift */ = {isa = PBXFileReference; lastKnownFileType = sourcecode.swift; path = AppMain.swift; sourceTree = "<group>"; };
		9FEF53B02C2335EB005CBA63 /* ConnectView.swift */ = {isa = PBXFileReference; lastKnownFileType = sourcecode.swift; path = ConnectView.swift; sourceTree = "<group>"; };
		9FEF53B22C2335EC005CBA63 /* Assets.xcassets */ = {isa = PBXFileReference; lastKnownFileType = folder.assetcatalog; path = Assets.xcassets; sourceTree = "<group>"; };
		9FEF53B52C2335EC005CBA63 /* Preview Assets.xcassets */ = {isa = PBXFileReference; lastKnownFileType = folder.assetcatalog; path = "Preview Assets.xcassets"; sourceTree = "<group>"; };
		9FEF53BD2C23368E005CBA63 /* BluetoothManager.swift */ = {isa = PBXFileReference; lastKnownFileType = sourcecode.swift; path = BluetoothManager.swift; sourceTree = "<group>"; };
/* End PBXFileReference section */

/* Begin PBXFrameworksBuildPhase section */
		9FEF53A82C2335EB005CBA63 /* Frameworks */ = {
			isa = PBXFrameworksBuildPhase;
			buildActionMask = 2147483647;
			files = (
			);
			runOnlyForDeploymentPostprocessing = 0;
		};
/* End PBXFrameworksBuildPhase section */

/* Begin PBXGroup section */
		9F01069B2C24A6BD0000554E /* 3DModels */ = {
			isa = PBXGroup;
			children = (
				9FA9F3212C24C2B8008EB239 /* orientation_dummy.scn */,
			);
			path = 3DModels;
			sourceTree = "<group>";
		};
		9FEF53A22C2335EB005CBA63 = {
			isa = PBXGroup;
			children = (
				9FEF53AD2C2335EB005CBA63 /* GLAS Water Quality Connect */,
				9FEF53AC2C2335EB005CBA63 /* Products */,
			);
			sourceTree = "<group>";
		};
		9FEF53AC2C2335EB005CBA63 /* Products */ = {
			isa = PBXGroup;
			children = (
				9FEF53AB2C2335EB005CBA63 /* GLAS Water Quality Connect.app */,
			);
			name = Products;
			sourceTree = "<group>";
		};
		9FEF53AD2C2335EB005CBA63 /* GLAS Water Quality Connect */ = {
			isa = PBXGroup;
			children = (
				9FEF53BC2C23367C005CBA63 /* Utils */,
				9FEF53AE2C2335EB005CBA63 /* AppMain.swift */,
				9FEF53B02C2335EB005CBA63 /* ConnectView.swift */,
				9FEF53B22C2335EC005CBA63 /* Assets.xcassets */,
				9FEF53B42C2335EC005CBA63 /* Preview Content */,
				9F11DCF32C2356CB004D2721 /* DebugView.swift */,
				9F11DCF52C2361B7004D2721 /* DataView.swift */,
				9F01069B2C24A6BD0000554E /* 3DModels */,
			);
			path = "GLAS Water Quality Connect";
			sourceTree = "<group>";
		};
		9FEF53B42C2335EC005CBA63 /* Preview Content */ = {
			isa = PBXGroup;
			children = (
				9FEF53B52C2335EC005CBA63 /* Preview Assets.xcassets */,
			);
			path = "Preview Content";
			sourceTree = "<group>";
		};
		9FEF53BC2C23367C005CBA63 /* Utils */ = {
			isa = PBXGroup;
			children = (
				9FEF53BD2C23368E005CBA63 /* BluetoothManager.swift */,
			);
			path = Utils;
			sourceTree = "<group>";
		};
/* End PBXGroup section */

/* Begin PBXNativeTarget section */
		9FEF53AA2C2335EB005CBA63 /* GLAS Water Quality Connect */ = {
			isa = PBXNativeTarget;
			buildConfigurationList = 9FEF53B92C2335EC005CBA63 /* Build configuration list for PBXNativeTarget "GLAS Water Quality Connect" */;
			buildPhases = (
				9FEF53A72C2335EB005CBA63 /* Sources */,
				9FEF53A82C2335EB005CBA63 /* Frameworks */,
				9FEF53A92C2335EB005CBA63 /* Resources */,
			);
			buildRules = (
			);
			dependencies = (
			);
			name = "GLAS Water Quality Connect";
			productName = "GLAS Water Quality Connect";
			productReference = 9FEF53AB2C2335EB005CBA63 /* GLAS Water Quality Connect.app */;
			productType = "com.apple.product-type.application";
		};
/* End PBXNativeTarget section */

/* Begin PBXProject section */
		9FEF53A32C2335EB005CBA63 /* Project object */ = {
			isa = PBXProject;
			attributes = {
				BuildIndependentTargetsInParallel = 1;
				LastSwiftUpdateCheck = 1540;
				LastUpgradeCheck = 1540;
				TargetAttributes = {
					9FEF53AA2C2335EB005CBA63 = {
						CreatedOnToolsVersion = 15.4;
					};
				};
			};
			buildConfigurationList = 9FEF53A62C2335EB005CBA63 /* Build configuration list for PBXProject "GLAS Water Quality Connect" */;
			compatibilityVersion = "Xcode 14.0";
			developmentRegion = en;
			hasScannedForEncodings = 0;
			knownRegions = (
				en,
				Base,
			);
			mainGroup = 9FEF53A22C2335EB005CBA63;
			productRefGroup = 9FEF53AC2C2335EB005CBA63 /* Products */;
			projectDirPath = "";
			projectRoot = "";
			targets = (
				9FEF53AA2C2335EB005CBA63 /* GLAS Water Quality Connect */,
			);
		};
/* End PBXProject section */

/* Begin PBXResourcesBuildPhase section */
		9FEF53A92C2335EB005CBA63 /* Resources */ = {
			isa = PBXResourcesBuildPhase;
			buildActionMask = 2147483647;
			files = (
				9FEF53B62C2335EC005CBA63 /* Preview Assets.xcassets in Resources */,
				9FEF53B32C2335EC005CBA63 /* Assets.xcassets in Resources */,
				9FA9F3222C24C2B8008EB239 /* orientation_dummy.scn in Resources */,
			);
			runOnlyForDeploymentPostprocessing = 0;
		};
/* End PBXResourcesBuildPhase section */

/* Begin PBXSourcesBuildPhase section */
		9FEF53A72C2335EB005CBA63 /* Sources */ = {
			isa = PBXSourcesBuildPhase;
			buildActionMask = 2147483647;
			files = (
				9FEF53BE2C23368E005CBA63 /* BluetoothManager.swift in Sources */,
				9FEF53B12C2335EB005CBA63 /* ConnectView.swift in Sources */,
				9F11DCF62C2361B7004D2721 /* DataView.swift in Sources */,
				9F11DCF42C2356CB004D2721 /* DebugView.swift in Sources */,
				9FEF53AF2C2335EB005CBA63 /* AppMain.swift in Sources */,
			);
			runOnlyForDeploymentPostprocessing = 0;
		};
/* End PBXSourcesBuildPhase section */

/* Begin XCBuildConfiguration section */
		9FEF53B72C2335EC005CBA63 /* Debug */ = {
			isa = XCBuildConfiguration;
			buildSettings = {
				ALWAYS_SEARCH_USER_PATHS = NO;
				ASSETCATALOG_COMPILER_GENERATE_SWIFT_ASSET_SYMBOL_EXTENSIONS = YES;
				CLANG_ANALYZER_NONNULL = YES;
				CLANG_ANALYZER_NUMBER_OBJECT_CONVERSION = YES_AGGRESSIVE;
				CLANG_CXX_LANGUAGE_STANDARD = "gnu++20";
				CLANG_ENABLE_MODULES = YES;
				CLANG_ENABLE_OBJC_ARC = YES;
				CLANG_ENABLE_OBJC_WEAK = YES;
				CLANG_WARN_BLOCK_CAPTURE_AUTORELEASING = YES;
				CLANG_WARN_BOOL_CONVERSION = YES;
				CLANG_WARN_COMMA = YES;
				CLANG_WARN_CONSTANT_CONVERSION = YES;
				CLANG_WARN_DEPRECATED_OBJC_IMPLEMENTATIONS = YES;
				CLANG_WARN_DIRECT_OBJC_ISA_USAGE = YES_ERROR;
				CLANG_WARN_DOCUMENTATION_COMMENTS = YES;
				CLANG_WARN_EMPTY_BODY = YES;
				CLANG_WARN_ENUM_CONVERSION = YES;
				CLANG_WARN_INFINITE_RECURSION = YES;
				CLANG_WARN_INT_CONVERSION = YES;
				CLANG_WARN_NON_LITERAL_NULL_CONVERSION = YES;
				CLANG_WARN_OBJC_IMPLICIT_RETAIN_SELF = YES;
				CLANG_WARN_OBJC_LITERAL_CONVERSION = YES;
				CLANG_WARN_OBJC_ROOT_CLASS = YES_ERROR;
				CLANG_WARN_QUOTED_INCLUDE_IN_FRAMEWORK_HEADER = YES;
				CLANG_WARN_RANGE_LOOP_ANALYSIS = YES;
				CLANG_WARN_STRICT_PROTOTYPES = YES;
				CLANG_WARN_SUSPICIOUS_MOVE = YES;
				CLANG_WARN_UNGUARDED_AVAILABILITY = YES_AGGRESSIVE;
				CLANG_WARN_UNREACHABLE_CODE = YES;
				CLANG_WARN__DUPLICATE_METHOD_MATCH = YES;
				COPY_PHASE_STRIP = NO;
				DEBUG_INFORMATION_FORMAT = dwarf;
				ENABLE_STRICT_OBJC_MSGSEND = YES;
				ENABLE_TESTABILITY = YES;
				ENABLE_USER_SCRIPT_SANDBOXING = YES;
				GCC_C_LANGUAGE_STANDARD = gnu17;
				GCC_DYNAMIC_NO_PIC = NO;
				GCC_NO_COMMON_BLOCKS = YES;
				GCC_OPTIMIZATION_LEVEL = 0;
				GCC_PREPROCESSOR_DEFINITIONS = (
					"DEBUG=1",
					"$(inherited)",
				);
				GCC_WARN_64_TO_32_BIT_CONVERSION = YES;
				GCC_WARN_ABOUT_RETURN_TYPE = YES_ERROR;
				GCC_WARN_UNDECLARED_SELECTOR = YES;
				GCC_WARN_UNINITIALIZED_AUTOS = YES_AGGRESSIVE;
				GCC_WARN_UNUSED_FUNCTION = YES;
				GCC_WARN_UNUSED_VARIABLE = YES;
				IPHONEOS_DEPLOYMENT_TARGET = 17.5;
				LOCALIZATION_PREFERS_STRING_CATALOGS = YES;
				MTL_ENABLE_DEBUG_INFO = INCLUDE_SOURCE;
				MTL_FAST_MATH = YES;
				ONLY_ACTIVE_ARCH = YES;
				SDKROOT = iphoneos;
				SWIFT_ACTIVE_COMPILATION_CONDITIONS = "DEBUG $(inherited)";
				SWIFT_OPTIMIZATION_LEVEL = "-Onone";
			};
			name = Debug;
		};
		9FEF53B82C2335EC005CBA63 /* Release */ = {
			isa = XCBuildConfiguration;
			buildSettings = {
				ALWAYS_SEARCH_USER_PATHS = NO;
				ASSETCATALOG_COMPILER_GENERATE_SWIFT_ASSET_SYMBOL_EXTENSIONS = YES;
				CLANG_ANALYZER_NONNULL = YES;
				CLANG_ANALYZER_NUMBER_OBJECT_CONVERSION = YES_AGGRESSIVE;
				CLANG_CXX_LANGUAGE_STANDARD = "gnu++20";
				CLANG_ENABLE_MODULES = YES;
				CLANG_ENABLE_OBJC_ARC = YES;
				CLANG_ENABLE_OBJC_WEAK = YES;
				CLANG_WARN_BLOCK_CAPTURE_AUTORELEASING = YES;
				CLANG_WARN_BOOL_CONVERSION = YES;
				CLANG_WARN_COMMA = YES;
				CLANG_WARN_CONSTANT_CONVERSION = YES;
				CLANG_WARN_DEPRECATED_OBJC_IMPLEMENTATIONS = YES;
				CLANG_WARN_DIRECT_OBJC_ISA_USAGE = YES_ERROR;
				CLANG_WARN_DOCUMENTATION_COMMENTS = YES;
				CLANG_WARN_EMPTY_BODY = YES;
				CLANG_WARN_ENUM_CONVERSION = YES;
				CLANG_WARN_INFINITE_RECURSION = YES;
				CLANG_WARN_INT_CONVERSION = YES;
				CLANG_WARN_NON_LITERAL_NULL_CONVERSION = YES;
				CLANG_WARN_OBJC_IMPLICIT_RETAIN_SELF = YES;
				CLANG_WARN_OBJC_LITERAL_CONVERSION = YES;
				CLANG_WARN_OBJC_ROOT_CLASS = YES_ERROR;
				CLANG_WARN_QUOTED_INCLUDE_IN_FRAMEWORK_HEADER = YES;
				CLANG_WARN_RANGE_LOOP_ANALYSIS = YES;
				CLANG_WARN_STRICT_PROTOTYPES = YES;
				CLANG_WARN_SUSPICIOUS_MOVE = YES;
				CLANG_WARN_UNGUARDED_AVAILABILITY = YES_AGGRESSIVE;
				CLANG_WARN_UNREACHABLE_CODE = YES;
				CLANG_WARN__DUPLICATE_METHOD_MATCH = YES;
				COPY_PHASE_STRIP = NO;
				DEBUG_INFORMATION_FORMAT = "dwarf-with-dsym";
				ENABLE_NS_ASSERTIONS = NO;
				ENABLE_STRICT_OBJC_MSGSEND = YES;
				ENABLE_USER_SCRIPT_SANDBOXING = YES;
				GCC_C_LANGUAGE_STANDARD = gnu17;
				GCC_NO_COMMON_BLOCKS = YES;
				GCC_WARN_64_TO_32_BIT_CONVERSION = YES;
				GCC_WARN_ABOUT_RETURN_TYPE = YES_ERROR;
				GCC_WARN_UNDECLARED_SELECTOR = YES;
				GCC_WARN_UNINITIALIZED_AUTOS = YES_AGGRESSIVE;
				GCC_WARN_UNUSED_FUNCTION = YES;
				GCC_WARN_UNUSED_VARIABLE = YES;
				IPHONEOS_DEPLOYMENT_TARGET = 17.5;
				LOCALIZATION_PREFERS_STRING_CATALOGS = YES;
				MTL_ENABLE_DEBUG_INFO = NO;
				MTL_FAST_MATH = YES;
				SDKROOT = iphoneos;
				SWIFT_COMPILATION_MODE = wholemodule;
				VALIDATE_PRODUCT = YES;
			};
			name = Release;
		};
		9FEF53BA2C2335EC005CBA63 /* Debug */ = {
			isa = XCBuildConfiguration;
			buildSettings = {
				ASSETCATALOG_COMPILER_APPICON_NAME = AppIcon;
				ASSETCATALOG_COMPILER_GLOBAL_ACCENT_COLOR_NAME = AccentColor;
				CODE_SIGN_STYLE = Automatic;
				CURRENT_PROJECT_VERSION = 1;
				DEVELOPMENT_ASSET_PATHS = "\"GLAS Water Quality Connect/Preview Content\"";
				DEVELOPMENT_TEAM = 6PCHMEQFFM;
				ENABLE_PREVIEWS = YES;
				GENERATE_INFOPLIST_FILE = YES;
				INFOPLIST_KEY_LSApplicationCategoryType = "";
				INFOPLIST_KEY_NSBluetoothAlwaysUsageDescription = "To communicate with GLAS devices, like a Water Quality Sensor.";
				INFOPLIST_KEY_NSBluetoothPeripheralUsageDescription = "To connect to GLAS devices, like a Water Quality Sensor.";
				INFOPLIST_KEY_UIApplicationSceneManifest_Generation = YES;
				INFOPLIST_KEY_UIApplicationSupportsIndirectInputEvents = YES;
				INFOPLIST_KEY_UILaunchScreen_Generation = YES;
				INFOPLIST_KEY_UISupportedInterfaceOrientations_iPad = "UIInterfaceOrientationPortrait UIInterfaceOrientationPortraitUpsideDown UIInterfaceOrientationLandscapeLeft UIInterfaceOrientationLandscapeRight";
				INFOPLIST_KEY_UISupportedInterfaceOrientations_iPhone = "UIInterfaceOrientationPortrait UIInterfaceOrientationLandscapeLeft UIInterfaceOrientationLandscapeRight";
				LD_RUNPATH_SEARCH_PATHS = (
					"$(inherited)",
					"@executable_path/Frameworks",
				);
				MARKETING_VERSION = 1.0;
				PRODUCT_BUNDLE_IDENTIFIER = "tlampert.GLAS-Water-Quality-Connect";
				PRODUCT_NAME = "$(TARGET_NAME)";
				SWIFT_EMIT_LOC_STRINGS = YES;
				SWIFT_VERSION = 5.0;
				TARGETED_DEVICE_FAMILY = "1,2";
			};
			name = Debug;
		};
		9FEF53BB2C2335EC005CBA63 /* Release */ = {
			isa = XCBuildConfiguration;
			buildSettings = {
				ASSETCATALOG_COMPILER_APPICON_NAME = AppIcon;
				ASSETCATALOG_COMPILER_GLOBAL_ACCENT_COLOR_NAME = AccentColor;
				CODE_SIGN_STYLE = Automatic;
				CURRENT_PROJECT_VERSION = 1;
				DEVELOPMENT_ASSET_PATHS = "\"GLAS Water Quality Connect/Preview Content\"";
				DEVELOPMENT_TEAM = 6PCHMEQFFM;
				ENABLE_PREVIEWS = YES;
				GENERATE_INFOPLIST_FILE = YES;
				INFOPLIST_KEY_LSApplicationCategoryType = "";
				INFOPLIST_KEY_NSBluetoothAlwaysUsageDescription = "To communicate with GLAS devices, like a Water Quality Sensor.";
				INFOPLIST_KEY_NSBluetoothPeripheralUsageDescription = "To connect to GLAS devices, like a Water Quality Sensor.";
				INFOPLIST_KEY_UIApplicationSceneManifest_Generation = YES;
				INFOPLIST_KEY_UIApplicationSupportsIndirectInputEvents = YES;
				INFOPLIST_KEY_UILaunchScreen_Generation = YES;
				INFOPLIST_KEY_UISupportedInterfaceOrientations_iPad = "UIInterfaceOrientationPortrait UIInterfaceOrientationPortraitUpsideDown UIInterfaceOrientationLandscapeLeft UIInterfaceOrientationLandscapeRight";
				INFOPLIST_KEY_UISupportedInterfaceOrientations_iPhone = "UIInterfaceOrientationPortrait UIInterfaceOrientationLandscapeLeft UIInterfaceOrientationLandscapeRight";
				LD_RUNPATH_SEARCH_PATHS = (
					"$(inherited)",
					"@executable_path/Frameworks",
				);
				MARKETING_VERSION = 1.0;
				PRODUCT_BUNDLE_IDENTIFIER = "tlampert.GLAS-Water-Quality-Connect";
				PRODUCT_NAME = "$(TARGET_NAME)";
				SWIFT_EMIT_LOC_STRINGS = YES;
				SWIFT_VERSION = 5.0;
				TARGETED_DEVICE_FAMILY = "1,2";
			};
			name = Release;
		};
/* End XCBuildConfiguration section */

/* Begin XCConfigurationList section */
		9FEF53A62C2335EB005CBA63 /* Build configuration list for PBXProject "GLAS Water Quality Connect" */ = {
			isa = XCConfigurationList;
			buildConfigurations = (
				9FEF53B72C2335EC005CBA63 /* Debug */,
				9FEF53B82C2335EC005CBA63 /* Release */,
			);
			defaultConfigurationIsVisible = 0;
			defaultConfigurationName = Release;
		};
		9FEF53B92C2335EC005CBA63 /* Build configuration list for PBXNativeTarget "GLAS Water Quality Connect" */ = {
			isa = XCConfigurationList;
			buildConfigurations = (
				9FEF53BA2C2335EC005CBA63 /* Debug */,
				9FEF53BB2C2335EC005CBA63 /* Release */,
			);
			defaultConfigurationIsVisible = 0;
			defaultConfigurationName = Release;
		};
/* End XCConfigurationList section */
	};
	rootObject = 9FEF53A32C2335EB005CBA63 /* Project object */;
}
